
Microsoft Visual Studio Solution File, Format Version 12.00
# Visual Studio 15
Project("{FAE04EC0-301F-11D3-BF4B-00C04F79EFBC}") = "GameOfLife", "GameOfLife\GameOfLife.csproj", "{C02E5102-F868-4F28-A020-931946D2047D}"
EndProject
Project("{FAE04EC0-301F-11D3-BF4B-00C04F79EFBC}") = "GameOfLife.Test", "GameOfLife.Test\GameOfLife.Test.csproj", "{6FA794D1-B9EA-462A-9ED4-10231D6FCFBF}"
EndProject
Global
	GlobalSection(SolutionConfigurationPlatforms) = preSolution
		Debug|Any CPU = Debug|Any CPU
		Release|Any CPU = Release|Any CPU
	EndGlobalSection
	GlobalSection(ProjectConfigurationPlatforms) = postSolution
		{C02E5102-F868-4F28-A020-931946D2047D}.Debug|Any CPU.ActiveCfg = Debug|Any CPU
		{C02E5102-F868-4F28-A020-931946D2047D}.Debug|Any CPU.Build.0 = Debug|Any CPU
		{C02E5102-F868-4F28-A020-931946D2047D}.Release|Any CPU.ActiveCfg = Release|Any CPU
		{C02E5102-F868-4F28-A020-931946D2047D}.Release|Any CPU.Build.0 = Release|Any CPU
		{6FA794D1-B9EA-462A-9ED4-10231D6FCFBF}.Debug|Any CPU.ActiveCfg = Debug|Any CPU
		{6FA794D1-B9EA-462A-9ED4-10231D6FCFBF}.Debug|Any CPU.Build.0 = Debug|Any CPU
		{6FA794D1-B9EA-462A-9ED4-10231D6FCFBF}.Release|Any CPU.ActiveCfg = Release|Any CPU
		{6FA794D1-B9EA-462A-9ED4-10231D6FCFBF}.Release|Any CPU.Build.0 = Release|Any CPU
	EndGlobalSection
EndGlobal
